<?xml version="1.0" encoding="utf-8"?>
<Project ToolsVersion="4.0" xmlns="http://schemas.microsoft.com/developer/msbuild/2003">
  <ItemGroup>
    <Filter Include="Source Files">
      <UniqueIdentifier>{4FC737F1-C7A5-4376-A066-2A32D752A2FF}</UniqueIdentifier>
      <Extensions>cpp;c;cc;cxx;def;odl;idl;hpj;bat;asm;asmx</Extensions>
    </Filter>
    <Filter Include="Header Files">
      <UniqueIdentifier>{93995380-89BD-4b04-88EB-625FBE52EBFB}</UniqueIdentifier>
      <Extensions>h;hpp;hxx;hm;inl;inc;xsd</Extensions>
    </Filter>
    <Filter Include="Resource Files">
      <UniqueIdentifier>{67DA6AB6-F800-4c08-8B7A-83BB121AAD01}</UniqueIdentifier>
      <Extensions>rc;ico;cur;bmp;dlg;rc2;rct;bin;rgs;gif;jpg;jpeg;jpe;resx;tiff;tif;png;wav;mfcribbon-ms</Extensions>
    </Filter>
    <Filter Include="Header Files\Infrastructure">
      <UniqueIdentifier>{655c5f57-bb82-48b6-8f37-648a539c4500}</UniqueIdentifier>
    </Filter>
    <Filter Include="Header Files\Model">
      <UniqueIdentifier>{714e4636-481e-475e-a823-043257e73b61}</UniqueIdentifier>
    </Filter>
    <Filter Include="Header Files\Libraries">
      <UniqueIdentifier>{9ef2e13b-0e70-4677-ba4f-93ed52ba9bb1}</UniqueIdentifier>
    </Filter>
    <Filter Include="Source Files\Infrastructure">
      <UniqueIdentifier>{9fef9b6a-4eb8-4659-9d15-1436c783bd97}</UniqueIdentifier>
    </Filter>
    <Filter Include="Source Files\Model">
      <UniqueIdentifier>{18037c9a-dcc2-415f-be5e-4c087db402c5}</UniqueIdentifier>
    </Filter>
    <Filter Include="Header Files\Libraries\RapidJson">
      <UniqueIdentifier>{2cc0b79e-ea7e-4ef9-a7fc-b587511e1faa}</UniqueIdentifier>
    </Filter>
    <Filter Include="Header Files\Libraries\RapidJson\msinttypes">
      <UniqueIdentifier>{079c62e1-573a-4eed-bf2e-0966cdb4ea94}</UniqueIdentifier>
    </Filter>
    <Filter Include="Header Files\Libraries\RapidJson\error">
      <UniqueIdentifier>{0f97a98b-3b3c-4b65-8ea3-223286373bac}</UniqueIdentifier>
    </Filter>
    <Filter Include="Header Files\Libraries\RapidJson\internal">
      <UniqueIdentifier>{513e961f-b139-46b3-9548-821a70051ff8}</UniqueIdentifier>
    </Filter>
    <Filter Include="Source Files\PlayerAI">
      <UniqueIdentifier>{369c5d26-0a1d-47c7-a55b-a39acc9aa6c1}</UniqueIdentifier>
    </Filter>
    <Filter Include="Header Files\PlayerAI">
      <UniqueIdentifier>{8fd9c8e3-93f8-4657-a7b7-fe5f12c920f6}</UniqueIdentifier>
    </Filter>
  </ItemGroup>
  <ItemGroup>
    <Text Include="ReadMe.txt" />
  </ItemGroup>
  <ItemGroup>
    <ClInclude Include="ClientManager.h">
      <Filter>Header Files\Infrastructure</Filter>
    </ClInclude>
    <ClInclude Include="Runnable.h">
      <Filter>Header Files\Infrastructure</Filter>
    </ClInclude>
    <ClInclude Include="Serializable.h">
      <Filter>Header Files\Infrastructure</Filter>
    </ClInclude>
    <ClInclude Include="ServerConnection.h">
      <Filter>Header Files\Infrastructure</Filter>
    </ClInclude>
    <ClInclude Include="TcpConnection.h">
      <Filter>Header Files\Infrastructure</Filter>
    </ClInclude>
    <ClInclude Include="ThreadManager.h">
      <Filter>Header Files\Infrastructure</Filter>
    </ClInclude>
    <ClInclude Include="Commands.h">
      <Filter>Header Files\Model</Filter>
    </ClInclude>
    <ClInclude Include="GameObjects.h">
      <Filter>Header Files\Model</Filter>
    </ClInclude>
    <ClInclude Include="Geometry.h">
      <Filter>Header Files\Model</Filter>
    </ClInclude>
    <ClInclude Include="IPlayerAI.h">
      <Filter>Header Files\Model</Filter>
    </ClInclude>
    <ClInclude Include="Player.h">
      <Filter>Header Files\Model</Filter>
    </ClInclude>
    <ClInclude Include="Unit.h">
      <Filter>Header Files\Model</Filter>
    </ClInclude>
    <ClInclude Include="UnitType.h">
      <Filter>Header Files\Model</Filter>
    </ClInclude>
    <ClInclude Include="WorldModel.h">
      <Filter>Header Files\Model</Filter>
    </ClInclude>
    <ClInclude Include="rapidjson\allocators.h">
      <Filter>Header Files\Libraries\RapidJson</Filter>
    </ClInclude>
    <ClInclude Include="rapidjson\document.h">
      <Filter>Header Files\Libraries\RapidJson</Filter>
    </ClInclude>
    <ClInclude Include="rapidjson\encodedstream.h">
      <Filter>Header Files\Libraries\RapidJson</Filter>
    </ClInclude>
    <ClInclude Include="rapidjson\encodings.h">
      <Filter>Header Files\Libraries\RapidJson</Filter>
    </ClInclude>
    <ClInclude Include="rapidjson\filereadstream.h">
      <Filter>Header Files\Libraries\RapidJson</Filter>
    </ClInclude>
    <ClInclude Include="rapidjson\filewritestream.h">
      <Filter>Header Files\Libraries\RapidJson</Filter>
    </ClInclude>
    <ClInclude Include="rapidjson\memorybuffer.h">
      <Filter>Header Files\Libraries\RapidJson</Filter>
    </ClInclude>
    <ClInclude Include="rapidjson\memorystream.h">
      <Filter>Header Files\Libraries\RapidJson</Filter>
    </ClInclude>
    <ClInclude Include="rapidjson\pointer.h">
      <Filter>Header Files\Libraries\RapidJson</Filter>
    </ClInclude>
    <ClInclude Include="rapidjson\prettywriter.h">
      <Filter>Header Files\Libraries\RapidJson</Filter>
    </ClInclude>
    <ClInclude Include="rapidjson\rapidjson.h">
      <Filter>Header Files\Libraries\RapidJson</Filter>
    </ClInclude>
    <ClInclude Include="rapidjson\reader.h">
      <Filter>Header Files\Libraries\RapidJson</Filter>
    </ClInclude>
    <ClInclude Include="rapidjson\stringbuffer.h">
      <Filter>Header Files\Libraries\RapidJson</Filter>
    </ClInclude>
    <ClInclude Include="rapidjson\writer.h">
      <Filter>Header Files\Libraries\RapidJson</Filter>
    </ClInclude>
    <ClInclude Include="rapidjson\msinttypes\inttypes.h">
      <Filter>Header Files\Libraries\RapidJson\msinttypes</Filter>
    </ClInclude>
    <ClInclude Include="rapidjson\msinttypes\stdint.h">
      <Filter>Header Files\Libraries\RapidJson\msinttypes</Filter>
    </ClInclude>
    <ClInclude Include="rapidjson\error\en.h">
      <Filter>Header Files\Libraries\RapidJson\error</Filter>
    </ClInclude>
    <ClInclude Include="rapidjson\error\error.h">
      <Filter>Header Files\Libraries\RapidJson\error</Filter>
    </ClInclude>
    <ClInclude Include="AI.h">
      <Filter>Header Files\PlayerAI</Filter>
    </ClInclude>
  </ItemGroup>
  <ItemGroup>
    <ClCompile Include="ClientManager.cpp">
      <Filter>Source Files\Infrastructure</Filter>
    </ClCompile>
    <ClCompile Include="ServerConnection.cpp">
      <Filter>Source Files\Infrastructure</Filter>
    </ClCompile>
    <ClCompile Include="TcpConnectionWindows.cpp">
      <Filter>Source Files\Infrastructure</Filter>
    </ClCompile>
    <ClCompile Include="ThreadManagerWindows.cpp">
      <Filter>Source Files\Infrastructure</Filter>
    </ClCompile>
    <ClCompile Include="Commands.cpp">
      <Filter>Source Files\Model</Filter>
    </ClCompile>
    <ClCompile Include="GameObjects.cpp">
      <Filter>Source Files\Model</Filter>
    </ClCompile>
    <ClCompile Include="Geometry.cpp">
      <Filter>Source Files\Model</Filter>
    </ClCompile>
    <ClCompile Include="Player.cpp">
      <Filter>Source Files\Model</Filter>
    </ClCompile>
    <ClCompile Include="Unit.cpp">
      <Filter>Source Files\Model</Filter>
    </ClCompile>
    <ClCompile Include="WorldModel.cpp">
      <Filter>Source Files\Model</Filter>
    </ClCompile>
    <ClCompile Include="ClientMain.cpp">
      <Filter>Source Files</Filter>
    </ClCompile>
    <ClCompile Include="AI.cpp">
      <Filter>Source Files\PlayerAI</Filter>
    </ClCompile>
  </ItemGroup>
</Project>